
Microsoft Visual Studio Solution File, Format Version 12.00
# Visual Studio 15
VisualStudioVersion = 15.0.27130.2024
MinimumVisualStudioVersion = 10.0.40219.1
Project("{FAE04EC0-301F-11D3-BF4B-00C04F79EFBC}") = "Gamanet", "Gamanet\Gamanet.csproj", "{64AF6F27-CE29-4BD2-9335-1DE0F775CF4E}"
EndProject
Global
	GlobalSection(SolutionConfigurationPlatforms) = preSolution
		Debug|Any CPU = Debug|Any CPU
		Release|Any CPU = Release|Any CPU
	EndGlobalSection
	GlobalSection(ProjectConfigurationPlatforms) = postSolution
		{64AF6F27-CE29-4BD2-9335-1DE0F775CF4E}.Debug|Any CPU.ActiveCfg = Debug|Any CPU
		{64AF6F27-CE29-4BD2-9335-1DE0F775CF4E}.Debug|Any CPU.Build.0 = Debug|Any CPU
		{64AF6F27-CE29-4BD2-9335-1DE0F775CF4E}.Release|Any CPU.ActiveCfg = Release|Any CPU
		{64AF6F27-CE29-4BD2-9335-1DE0F775CF4E}.Release|Any CPU.Build.0 = Release|Any CPU
	EndGlobalSection
	GlobalSection(SolutionProperties) = preSolution
		HideSolutionNode = FALSE
	EndGlobalSection
	GlobalSection(ExtensibilityGlobals) = postSolution
		SolutionGuid = {3D611783-1E85-4EC2-A393-11101941317A}
	EndGlobalSection
EndGlobal
